
Microsoft Visual Studio Solution File, Format Version 12.00
# Visual Studio Version 17
VisualStudioVersion = 17.3.32811.315
MinimumVisualStudioVersion = 10.0.40219.1
Project("{FAE04EC0-301F-11D3-BF4B-00C04F79EFBC}") = "TicTacToe", "TicTacToe.csproj", "{15851162-F6FD-4BCE-BAE3-19D230CA6074}"
EndProject
Global
	GlobalSection(SolutionConfigurationPlatforms) = preSolution
		Debug|Any CPU = Debug|Any CPU
		Release|Any CPU = Release|Any CPU
	EndGlobalSection
	GlobalSection(ProjectConfigurationPlatforms) = postSolution
		{15851162-F6FD-4BCE-BAE3-19D230CA6074}.Debug|Any CPU.ActiveCfg = Debug|Any CPU
		{15851162-F6FD-4BCE-BAE3-19D230CA6074}.Debug|Any CPU.Build.0 = Debug|Any CPU
		{15851162-F6FD-4BCE-BAE3-19D230CA6074}.Release|Any CPU.ActiveCfg = Release|Any CPU
		{15851162-F6FD-4BCE-BAE3-19D230CA6074}.Release|Any CPU.Build.0 = Release|Any CPU
	EndGlobalSection
	GlobalSection(SolutionProperties) = preSolution
		HideSolutionNode = FALSE
	EndGlobalSection
	GlobalSection(ExtensibilityGlobals) = postSolution
		SolutionGuid = {16C4C776-C369-45F2-A215-ADD1F4DF0944}
	EndGlobalSection
EndGlobal
